
Microsoft Visual Studio Solution File, Format Version 12.00
# Visual Studio Version 17
VisualStudioVersion = 17.12.35707.178 d17.12
MinimumVisualStudioVersion = 10.0.40219.1
Project("{FAE04EC0-301F-11D3-BF4B-00C04F79EFBC}") = "AbstractModel", "AbstractSpring\AbstractModel.csproj", "{EFA89948-8E20-444B-8DB4-7A21CF67B71C}"
EndProject
Project("{FAE04EC0-301F-11D3-BF4B-00C04F79EFBC}") = "SpringForce", "SpringForce\SpringForce.csproj", "{C082A58E-76BF-4FED-8468-9CE6ACFA00C3}"
EndProject
Project("{FAE04EC0-301F-11D3-BF4B-00C04F79EFBC}") = "SpringForceRunner", "SpringForceRunner\SpringForceRunner.csproj", "{52118E98-7A32-461E-A0D8-1AD3ABA352F4}"
EndProject
Global
	GlobalSection(SolutionConfigurationPlatforms) = preSolution
		Debug|Any CPU = Debug|Any CPU
		Release|Any CPU = Release|Any CPU
	EndGlobalSection
	GlobalSection(ProjectConfigurationPlatforms) = postSolution
		{EFA89948-8E20-444B-8DB4-7A21CF67B71C}.Debug|Any CPU.ActiveCfg = Debug|Any CPU
		{EFA89948-8E20-444B-8DB4-7A21CF67B71C}.Debug|Any CPU.Build.0 = Debug|Any CPU
		{EFA89948-8E20-444B-8DB4-7A21CF67B71C}.Release|Any CPU.ActiveCfg = Release|Any CPU
		{EFA89948-8E20-444B-8DB4-7A21CF67B71C}.Release|Any CPU.Build.0 = Release|Any CPU
		{C082A58E-76BF-4FED-8468-9CE6ACFA00C3}.Debug|Any CPU.ActiveCfg = Debug|Any CPU
		{C082A58E-76BF-4FED-8468-9CE6ACFA00C3}.Debug|Any CPU.Build.0 = Debug|Any CPU
		{C082A58E-76BF-4FED-8468-9CE6ACFA00C3}.Release|Any CPU.ActiveCfg = Release|Any CPU
		{C082A58E-76BF-4FED-8468-9CE6ACFA00C3}.Release|Any CPU.Build.0 = Release|Any CPU
		{52118E98-7A32-461E-A0D8-1AD3ABA352F4}.Debug|Any CPU.ActiveCfg = Debug|Any CPU
		{52118E98-7A32-461E-A0D8-1AD3ABA352F4}.Debug|Any CPU.Build.0 = Debug|Any CPU
		{52118E98-7A32-461E-A0D8-1AD3ABA352F4}.Release|Any CPU.ActiveCfg = Release|Any CPU
		{52118E98-7A32-461E-A0D8-1AD3ABA352F4}.Release|Any CPU.Build.0 = Release|Any CPU
	EndGlobalSection
	GlobalSection(SolutionProperties) = preSolution
		HideSolutionNode = FALSE
	EndGlobalSection
EndGlobal
